
Microsoft Visual Studio Solution File, Format Version 12.00
Project("{2150E333-8FDC-42A3-9474-1A3956D46DE8}") = "EduPrac2.1", "EduPrac2.1", "{738CFED7-40B0-497F-A950-47353DA7BE57}"
EndProject
Project("{2150E333-8FDC-42A3-9474-1A3956D46DE8}") = "EduPrac2.2", "EduPrac2.2", "{C25B8ECC-C8A8-4FE0-BB64-D93413581362}"
EndProject
Project("{FAE04EC0-301F-11D3-BF4B-00C04F79EFBC}") = "EduPrac2.1.1", "EduPrac2.1.1\EduPrac2.1.1.csproj", "{E22725F7-40EC-4D2A-B223-02523A641336}"
EndProject
Project("{FAE04EC0-301F-11D3-BF4B-00C04F79EFBC}") = "EduPrac2.1.2", "EduPrac2.1.2\EduPrac2.1.2.csproj", "{8826D086-7637-41D0-ACCD-3AD963FB1CE9}"
EndProject
Project("{FAE04EC0-301F-11D3-BF4B-00C04F79EFBC}") = "EduPrac2.1.3", "EduPrac2.1.3\EduPrac2.1.3.csproj", "{B72C23D4-8C01-4635-8E93-C953B53DD308}"
EndProject
Project("{FAE04EC0-301F-11D3-BF4B-00C04F79EFBC}") = "EduPrac2.2.1", "EduPrac2.2.1\EduPrac2.2.1.csproj", "{99C7C063-33C5-4BA9-98D5-AFC52C043B10}"
EndProject
Project("{FAE04EC0-301F-11D3-BF4B-00C04F79EFBC}") = "EduPrac2.2.2", "EduPrac2.2.2\EduPrac2.2.2.csproj", "{F7EF868C-854B-47D2-9ECE-7E2084E7FE9B}"
EndProject
Project("{FAE04EC0-301F-11D3-BF4B-00C04F79EFBC}") = "EduPrac2.2.3", "EduPrac2.2.3\EduPrac2.2.3.csproj", "{CA244C86-6732-4028-9509-387658F4DCBA}"
EndProject
Project("{FAE04EC0-301F-11D3-BF4B-00C04F79EFBC}") = "EduPrac2.2.4", "EduPrac2.2.4\EduPrac2.2.4.csproj", "{4DFA0470-E5F7-4A18-822C-D21FC851BFC3}"
EndProject
Project("{FAE04EC0-301F-11D3-BF4B-00C04F79EFBC}") = "EduPrac2.2.5", "EduPrac2.2.5\EduPrac2.2.5.csproj", "{844934AA-9267-4135-B09C-37536C01983E}"
EndProject
Project("{2150E333-8FDC-42A3-9474-1A3956D46DE8}") = "EduPrac2.3", "EduPrac2.3", "{A28470CA-E1D3-4EA3-A21D-5CFF903C7375}"
EndProject
Project("{2150E333-8FDC-42A3-9474-1A3956D46DE8}") = "EduPrac2.4", "EduPrac2.4", "{0999E95A-07E4-4D6E-A81E-AFAB9E6B1B67}"
EndProject
Project("{FAE04EC0-301F-11D3-BF4B-00C04F79EFBC}") = "EduPrac2.4.1", "EduPrac2.4.1\EduPrac2.4.1.csproj", "{B01084BF-8396-4DD5-B936-951EA422587C}"
EndProject
Project("{FAE04EC0-301F-11D3-BF4B-00C04F79EFBC}") = "EduPrac2.3.1", "EduPrac2.3.1\EduPrac2.3.1.csproj", "{C78C4B20-4BEA-41F6-ACDB-FC6166993DD1}"
EndProject
Project("{FAE04EC0-301F-11D3-BF4B-00C04F79EFBC}") = "EduPrac2.3.2", "EduPrac2.3.2\EduPrac2.3.2.csproj", "{6BBD9249-F6C1-4524-8D9B-28E1999B4E7E}"
EndProject
Project("{FAE04EC0-301F-11D3-BF4B-00C04F79EFBC}") = "EduPrac2.3.3", "EduPrac2.3.3\EduPrac2.3.3.csproj", "{F689E4FA-7E82-462B-8602-45B778CC3669}"
EndProject
Global
	GlobalSection(SolutionConfigurationPlatforms) = preSolution
		Debug|Any CPU = Debug|Any CPU
		Release|Any CPU = Release|Any CPU
	EndGlobalSection
	GlobalSection(NestedProjects) = preSolution
		{E22725F7-40EC-4D2A-B223-02523A641336} = {738CFED7-40B0-497F-A950-47353DA7BE57}
		{8826D086-7637-41D0-ACCD-3AD963FB1CE9} = {738CFED7-40B0-497F-A950-47353DA7BE57}
		{B72C23D4-8C01-4635-8E93-C953B53DD308} = {738CFED7-40B0-497F-A950-47353DA7BE57}
		{99C7C063-33C5-4BA9-98D5-AFC52C043B10} = {C25B8ECC-C8A8-4FE0-BB64-D93413581362}
		{F7EF868C-854B-47D2-9ECE-7E2084E7FE9B} = {C25B8ECC-C8A8-4FE0-BB64-D93413581362}
		{CA244C86-6732-4028-9509-387658F4DCBA} = {C25B8ECC-C8A8-4FE0-BB64-D93413581362}
		{4DFA0470-E5F7-4A18-822C-D21FC851BFC3} = {C25B8ECC-C8A8-4FE0-BB64-D93413581362}
		{844934AA-9267-4135-B09C-37536C01983E} = {C25B8ECC-C8A8-4FE0-BB64-D93413581362}
		{B01084BF-8396-4DD5-B936-951EA422587C} = {0999E95A-07E4-4D6E-A81E-AFAB9E6B1B67}
		{C78C4B20-4BEA-41F6-ACDB-FC6166993DD1} = {A28470CA-E1D3-4EA3-A21D-5CFF903C7375}
		{6BBD9249-F6C1-4524-8D9B-28E1999B4E7E} = {A28470CA-E1D3-4EA3-A21D-5CFF903C7375}
		{F689E4FA-7E82-462B-8602-45B778CC3669} = {A28470CA-E1D3-4EA3-A21D-5CFF903C7375}
	EndGlobalSection
	GlobalSection(ProjectConfigurationPlatforms) = postSolution
		{E22725F7-40EC-4D2A-B223-02523A641336}.Debug|Any CPU.ActiveCfg = Debug|Any CPU
		{E22725F7-40EC-4D2A-B223-02523A641336}.Debug|Any CPU.Build.0 = Debug|Any CPU
		{E22725F7-40EC-4D2A-B223-02523A641336}.Release|Any CPU.ActiveCfg = Release|Any CPU
		{E22725F7-40EC-4D2A-B223-02523A641336}.Release|Any CPU.Build.0 = Release|Any CPU
		{8826D086-7637-41D0-ACCD-3AD963FB1CE9}.Debug|Any CPU.ActiveCfg = Debug|Any CPU
		{8826D086-7637-41D0-ACCD-3AD963FB1CE9}.Debug|Any CPU.Build.0 = Debug|Any CPU
		{8826D086-7637-41D0-ACCD-3AD963FB1CE9}.Release|Any CPU.ActiveCfg = Release|Any CPU
		{8826D086-7637-41D0-ACCD-3AD963FB1CE9}.Release|Any CPU.Build.0 = Release|Any CPU
		{B72C23D4-8C01-4635-8E93-C953B53DD308}.Debug|Any CPU.ActiveCfg = Debug|Any CPU
		{B72C23D4-8C01-4635-8E93-C953B53DD308}.Debug|Any CPU.Build.0 = Debug|Any CPU
		{B72C23D4-8C01-4635-8E93-C953B53DD308}.Release|Any CPU.ActiveCfg = Release|Any CPU
		{B72C23D4-8C01-4635-8E93-C953B53DD308}.Release|Any CPU.Build.0 = Release|Any CPU
		{99C7C063-33C5-4BA9-98D5-AFC52C043B10}.Debug|Any CPU.ActiveCfg = Debug|Any CPU
		{99C7C063-33C5-4BA9-98D5-AFC52C043B10}.Debug|Any CPU.Build.0 = Debug|Any CPU
		{99C7C063-33C5-4BA9-98D5-AFC52C043B10}.Release|Any CPU.ActiveCfg = Release|Any CPU
		{99C7C063-33C5-4BA9-98D5-AFC52C043B10}.Release|Any CPU.Build.0 = Release|Any CPU
		{F7EF868C-854B-47D2-9ECE-7E2084E7FE9B}.Debug|Any CPU.ActiveCfg = Debug|Any CPU
		{F7EF868C-854B-47D2-9ECE-7E2084E7FE9B}.Debug|Any CPU.Build.0 = Debug|Any CPU
		{F7EF868C-854B-47D2-9ECE-7E2084E7FE9B}.Release|Any CPU.ActiveCfg = Release|Any CPU
		{F7EF868C-854B-47D2-9ECE-7E2084E7FE9B}.Release|Any CPU.Build.0 = Release|Any CPU
		{CA244C86-6732-4028-9509-387658F4DCBA}.Debug|Any CPU.ActiveCfg = Debug|Any CPU
		{CA244C86-6732-4028-9509-387658F4DCBA}.Debug|Any CPU.Build.0 = Debug|Any CPU
		{CA244C86-6732-4028-9509-387658F4DCBA}.Release|Any CPU.ActiveCfg = Release|Any CPU
		{CA244C86-6732-4028-9509-387658F4DCBA}.Release|Any CPU.Build.0 = Release|Any CPU
		{4DFA0470-E5F7-4A18-822C-D21FC851BFC3}.Debug|Any CPU.ActiveCfg = Debug|Any CPU
		{4DFA0470-E5F7-4A18-822C-D21FC851BFC3}.Debug|Any CPU.Build.0 = Debug|Any CPU
		{4DFA0470-E5F7-4A18-822C-D21FC851BFC3}.Release|Any CPU.ActiveCfg = Release|Any CPU
		{4DFA0470-E5F7-4A18-822C-D21FC851BFC3}.Release|Any CPU.Build.0 = Release|Any CPU
		{844934AA-9267-4135-B09C-37536C01983E}.Debug|Any CPU.ActiveCfg = Debug|Any CPU
		{844934AA-9267-4135-B09C-37536C01983E}.Debug|Any CPU.Build.0 = Debug|Any CPU
		{844934AA-9267-4135-B09C-37536C01983E}.Release|Any CPU.ActiveCfg = Release|Any CPU
		{844934AA-9267-4135-B09C-37536C01983E}.Release|Any CPU.Build.0 = Release|Any CPU
		{B01084BF-8396-4DD5-B936-951EA422587C}.Debug|Any CPU.ActiveCfg = Debug|Any CPU
		{B01084BF-8396-4DD5-B936-951EA422587C}.Debug|Any CPU.Build.0 = Debug|Any CPU
		{B01084BF-8396-4DD5-B936-951EA422587C}.Release|Any CPU.ActiveCfg = Release|Any CPU
		{B01084BF-8396-4DD5-B936-951EA422587C}.Release|Any CPU.Build.0 = Release|Any CPU
		{C78C4B20-4BEA-41F6-ACDB-FC6166993DD1}.Debug|Any CPU.ActiveCfg = Debug|Any CPU
		{C78C4B20-4BEA-41F6-ACDB-FC6166993DD1}.Debug|Any CPU.Build.0 = Debug|Any CPU
		{C78C4B20-4BEA-41F6-ACDB-FC6166993DD1}.Release|Any CPU.ActiveCfg = Release|Any CPU
		{C78C4B20-4BEA-41F6-ACDB-FC6166993DD1}.Release|Any CPU.Build.0 = Release|Any CPU
		{6BBD9249-F6C1-4524-8D9B-28E1999B4E7E}.Debug|Any CPU.ActiveCfg = Debug|Any CPU
		{6BBD9249-F6C1-4524-8D9B-28E1999B4E7E}.Debug|Any CPU.Build.0 = Debug|Any CPU
		{6BBD9249-F6C1-4524-8D9B-28E1999B4E7E}.Release|Any CPU.ActiveCfg = Release|Any CPU
		{6BBD9249-F6C1-4524-8D9B-28E1999B4E7E}.Release|Any CPU.Build.0 = Release|Any CPU
		{F689E4FA-7E82-462B-8602-45B778CC3669}.Debug|Any CPU.ActiveCfg = Debug|Any CPU
		{F689E4FA-7E82-462B-8602-45B778CC3669}.Debug|Any CPU.Build.0 = Debug|Any CPU
		{F689E4FA-7E82-462B-8602-45B778CC3669}.Release|Any CPU.ActiveCfg = Release|Any CPU
		{F689E4FA-7E82-462B-8602-45B778CC3669}.Release|Any CPU.Build.0 = Release|Any CPU
	EndGlobalSection
EndGlobal
